
Microsoft Visual Studio Solution File, Format Version 12.00
# Visual Studio 15
VisualStudioVersion = 15.0.27130.2003
MinimumVisualStudioVersion = 10.0.40219.1
Project("{FAE04EC0-301F-11D3-BF4B-00C04F79EFBC}") = "VisionBlockApplication", "VisionBlockApplication\VisionBlockApplication.csproj", "{109E520A-DB19-47F2-AE94-14AC084567D2}"
	ProjectSection(ProjectDependencies) = postProject
		{350A9788-187C-4B80-82A3-D335D849EFF1} = {350A9788-187C-4B80-82A3-D335D849EFF1}
	EndProjectSection
EndProject
Project("{8BC9CEB8-8B4A-11D0-8D11-00A0C91BC942}") = "ImageProcessing", "ImageProcessing\ImageProcessing.vcxproj", "{350A9788-187C-4B80-82A3-D335D849EFF1}"
EndProject
Project("{FAE04EC0-301F-11D3-BF4B-00C04F79EFBC}") = "VisionBlockUnitTest", "VisionBlockUnitTest\VisionBlockUnitTest.csproj", "{D676E285-B111-4E51-A13E-6436768CD76B}"
EndProject
Project("{FAE04EC0-301F-11D3-BF4B-00C04F79EFBC}") = "Installer", "Installer\Installer.csproj", "{63FDAE40-73F5-4C33-97C7-6D83005A1430}"
EndProject
Global
	GlobalSection(SolutionConfigurationPlatforms) = preSolution
		Debug|Any CPU = Debug|Any CPU
		Debug|x64 = Debug|x64
		Debug|x86 = Debug|x86
		Release|Any CPU = Release|Any CPU
		Release|x64 = Release|x64
		Release|x86 = Release|x86
	EndGlobalSection
	GlobalSection(ProjectConfigurationPlatforms) = postSolution
		{109E520A-DB19-47F2-AE94-14AC084567D2}.Debug|Any CPU.ActiveCfg = Debug|Any CPU
		{109E520A-DB19-47F2-AE94-14AC084567D2}.Debug|Any CPU.Build.0 = Debug|Any CPU
		{109E520A-DB19-47F2-AE94-14AC084567D2}.Debug|x64.ActiveCfg = Debug|Any CPU
		{109E520A-DB19-47F2-AE94-14AC084567D2}.Debug|x64.Build.0 = Debug|Any CPU
		{109E520A-DB19-47F2-AE94-14AC084567D2}.Debug|x86.ActiveCfg = Debug|Any CPU
		{109E520A-DB19-47F2-AE94-14AC084567D2}.Debug|x86.Build.0 = Debug|Any CPU
		{109E520A-DB19-47F2-AE94-14AC084567D2}.Release|Any CPU.ActiveCfg = Release|Any CPU
		{109E520A-DB19-47F2-AE94-14AC084567D2}.Release|Any CPU.Build.0 = Release|Any CPU
		{109E520A-DB19-47F2-AE94-14AC084567D2}.Release|x64.ActiveCfg = Release|Any CPU
		{109E520A-DB19-47F2-AE94-14AC084567D2}.Release|x64.Build.0 = Release|Any CPU
		{109E520A-DB19-47F2-AE94-14AC084567D2}.Release|x86.ActiveCfg = Release|Any CPU
		{109E520A-DB19-47F2-AE94-14AC084567D2}.Release|x86.Build.0 = Release|Any CPU
		{350A9788-187C-4B80-82A3-D335D849EFF1}.Debug|Any CPU.ActiveCfg = Debug|Win32
		{350A9788-187C-4B80-82A3-D335D849EFF1}.Debug|x64.ActiveCfg = Debug|x64
		{350A9788-187C-4B80-82A3-D335D849EFF1}.Debug|x64.Build.0 = Debug|x64
		{350A9788-187C-4B80-82A3-D335D849EFF1}.Debug|x86.ActiveCfg = Debug|Win32
		{350A9788-187C-4B80-82A3-D335D849EFF1}.Debug|x86.Build.0 = Debug|Win32
		{350A9788-187C-4B80-82A3-D335D849EFF1}.Release|Any CPU.ActiveCfg = Release|Win32
		{350A9788-187C-4B80-82A3-D335D849EFF1}.Release|x64.ActiveCfg = Release|x64
		{350A9788-187C-4B80-82A3-D335D849EFF1}.Release|x64.Build.0 = Release|x64
		{350A9788-187C-4B80-82A3-D335D849EFF1}.Release|x86.ActiveCfg = Release|Win32
		{350A9788-187C-4B80-82A3-D335D849EFF1}.Release|x86.Build.0 = Release|Win32
		{D676E285-B111-4E51-A13E-6436768CD76B}.Debug|Any CPU.ActiveCfg = Debug|Any CPU
		{D676E285-B111-4E51-A13E-6436768CD76B}.Debug|Any CPU.Build.0 = Debug|Any CPU
		{D676E285-B111-4E51-A13E-6436768CD76B}.Debug|x64.ActiveCfg = Debug|Any CPU
		{D676E285-B111-4E51-A13E-6436768CD76B}.Debug|x64.Build.0 = Debug|Any CPU
		{D676E285-B111-4E51-A13E-6436768CD76B}.Debug|x86.ActiveCfg = Debug|Any CPU
		{D676E285-B111-4E51-A13E-6436768CD76B}.Debug|x86.Build.0 = Debug|Any CPU
		{D676E285-B111-4E51-A13E-6436768CD76B}.Release|Any CPU.ActiveCfg = Release|Any CPU
		{D676E285-B111-4E51-A13E-6436768CD76B}.Release|Any CPU.Build.0 = Release|Any CPU
		{D676E285-B111-4E51-A13E-6436768CD76B}.Release|x64.ActiveCfg = Release|Any CPU
		{D676E285-B111-4E51-A13E-6436768CD76B}.Release|x64.Build.0 = Release|Any CPU
		{D676E285-B111-4E51-A13E-6436768CD76B}.Release|x86.ActiveCfg = Release|Any CPU
		{D676E285-B111-4E51-A13E-6436768CD76B}.Release|x86.Build.0 = Release|Any CPU
		{63FDAE40-73F5-4C33-97C7-6D83005A1430}.Debug|Any CPU.ActiveCfg = Debug|Any CPU
		{63FDAE40-73F5-4C33-97C7-6D83005A1430}.Debug|Any CPU.Build.0 = Debug|Any CPU
		{63FDAE40-73F5-4C33-97C7-6D83005A1430}.Debug|x64.ActiveCfg = Debug|Any CPU
		{63FDAE40-73F5-4C33-97C7-6D83005A1430}.Debug|x64.Build.0 = Debug|Any CPU
		{63FDAE40-73F5-4C33-97C7-6D83005A1430}.Debug|x86.ActiveCfg = Debug|Any CPU
		{63FDAE40-73F5-4C33-97C7-6D83005A1430}.Debug|x86.Build.0 = Debug|Any CPU
		{63FDAE40-73F5-4C33-97C7-6D83005A1430}.Release|Any CPU.ActiveCfg = Release|Any CPU
		{63FDAE40-73F5-4C33-97C7-6D83005A1430}.Release|Any CPU.Build.0 = Release|Any CPU
		{63FDAE40-73F5-4C33-97C7-6D83005A1430}.Release|x64.ActiveCfg = Release|Any CPU
		{63FDAE40-73F5-4C33-97C7-6D83005A1430}.Release|x64.Build.0 = Release|Any CPU
		{63FDAE40-73F5-4C33-97C7-6D83005A1430}.Release|x86.ActiveCfg = Release|Any CPU
		{63FDAE40-73F5-4C33-97C7-6D83005A1430}.Release|x86.Build.0 = Release|Any CPU
	EndGlobalSection
	GlobalSection(SolutionProperties) = preSolution
		HideSolutionNode = FALSE
	EndGlobalSection
	GlobalSection(ExtensibilityGlobals) = postSolution
		SolutionGuid = {6F44ECAA-E59B-466C-8A31-664A84F8CE95}
	EndGlobalSection
EndGlobal
